PODS:
  - Alamofire (5.9.1)
  - ClipdropAIPod (1.0.1):
    - Alamofire (~> 5.9.1)

DEPENDENCIES:
  - Alamofire (~> 5.9.1)
  - ClipdropAIPod (from `../`)

SPEC REPOS:
  trunk:
    - Alamofire

EXTERNAL SOURCES:
  ClipdropAIPod:
    :path: "../"

SPEC CHECKSUMS:
  Alamofire: f36a35757af4587d8e4f4bfa223ad10be2422b8c
  ClipdropAIPod: e5b5db20f04523a10804ea821a25e2251c907ce9

PODFILE CHECKSUM: 20a681b84bcef9188e7d02612723e4c271e300fe

COCOAPODS: 1.15.2
